// !$*UTF8*$!
{
	archiveVersion = 1;
	classes = {
	};
	objectVersion = 50;
	objects = {

/* Begin PBXBuildFile section */
		CEED4B31242248E00070C896 /* AppDelegate.swift in Sources */ = {isa = PBXBuildFile; fileRef = CEED4B30242248E00070C896 /* AppDelegate.swift */; };
		CEED4B33242248E00070C896 /* SceneDelegate.swift in Sources */ = {isa = PBXBuildFile; fileRef = CEED4B32242248E00070C896 /* SceneDelegate.swift */; };
		CEED4B35242248E00070C896 /* ViewController.swift in Sources */ = {isa = PBXBuildFile; fileRef = CEED4B34242248E00070C896 /* ViewController.swift */; };
		CEED4B3A242248E50070C896 /* Assets.xcassets in Resources */ = {isa = PBXBuildFile; fileRef = CEED4B39242248E50070C896 /* Assets.xcassets */; };
		CEED4B3D242248E50070C896 /* LaunchScreen.storyboard in Resources */ = {isa = PBXBuildFile; fileRef = CEED4B3B242248E50070C896 /* LaunchScreen.storyboard */; };
		CEED4B48242248E50070C896 /* SwiftWihoutStoryboardTests.swift in Sources */ = {isa = PBXBuildFile; fileRef = CEED4B47242248E50070C896 /* SwiftWihoutStoryboardTests.swift */; };
/* End PBXBuildFile section */

/* Begin PBXContainerItemProxy section */
		CEED4B44242248E50070C896 /* PBXContainerItemProxy */ = {
			isa = PBXContainerItemProxy;
			containerPortal = CEED4B25242248E00070C896 /* Project object */;
			proxyType = 1;
			remoteGlobalIDString = CEED4B2C242248E00070C896;
			remoteInfo = SwiftWihoutStoryboard;
		};
/* End PBXContainerItemProxy section */

/* Begin PBXFileReference section */
		CEED4B2D242248E00070C896 /* SwiftWihoutStoryboard.app */ = {isa = PBXFileReference; explicitFileType = wrapper.application; includeInIndex = 0; path = SwiftWihoutStoryboard.app; sourceTree = BUILT_PRODUCTS_DIR; };
		CEED4B30242248E00070C896 /* AppDelegate.swift */ = {isa = PBXFileReference; lastKnownFileType = sourcecode.swift; path = AppDelegate.swift; sourceTree = "<group>"; };
		CEED4B32242248E00070C896 /* SceneDelegate.swift */ = {isa = PBXFileReference; lastKnownFileType = sourcecode.swift; path = SceneDelegate.swift; sourceTree = "<group>"; };
		CEED4B34242248E00070C896 /* ViewController.swift */ = {isa = PBXFileReference; lastKnownFileType = sourcecode.swift; path = ViewController.swift; sourceTree = "<group>"; };
		CEED4B39242248E50070C896 /* Assets.xcassets */ = {isa = PBXFileReference; lastKnownFileType = folder.assetcatalog; path = Assets.xcassets; sourceTree = "<group>"; };
		CEED4B3C242248E50070C896 /* Base */ = {isa = PBXFileReference; lastKnownFileType = file.storyboard; name = Base; path = Base.lproj/LaunchScreen.storyboard; sourceTree = "<group>"; };
		CEED4B3E242248E50070C896 /* Info.plist */ = {isa = PBXFileReference; lastKnownFileType = text.plist.xml; path = Info.plist; sourceTree = "<group>"; };
		CEED4B43242248E50070C896 /* SwiftWihoutStoryboardTests.xctest */ = {isa = PBXFileReference; explicitFileType = wrapper.cfbundle; includeInIndex = 0; path = SwiftWihoutStoryboardTests.xctest; sourceTree = BUILT_PRODUCTS_DIR; };
		CEED4B47242248E50070C896 /* SwiftWihoutStoryboardTests.swift */ = {isa = PBXFileReference; lastKnownFileType = sourcecode.swift; path = SwiftWihoutStoryboardTests.swift; sourceTree = "<group>"; };
		CEED4B49242248E50070C896 /* Info.plist */ = {isa = PBXFileReference; lastKnownFileType = text.plist.xml; path = Info.plist; sourceTree = "<group>"; };
/* End PBXFileReference section */

/* Begin PBXFrameworksBuildPhase section */
		CEED4B2A242248E00070C896 /* Frameworks */ = {
			isa = PBXFrameworksBuildPhase;
			buildActionMask = 2147483647;
			files = (
			);
			runOnlyForDeploymentPostprocessing = 0;
		};
		CEED4B40242248E50070C896 /* Frameworks */ = {
			isa = PBXFrameworksBuildPhase;
			buildActionMask = 2147483647;
			files = (
			);
			runOnlyForDeploymentPostprocessing = 0;
		};
/* End PBXFrameworksBuildPhase section */

/* Begin PBXGroup section */
		CEED4B24242248E00070C896 = {
			isa = PBXGroup;
			children = (
				CEED4B2F242248E00070C896 /* SwiftWihoutStoryboard */,
				CEED4B46242248E50070C896 /* SwiftWihoutStoryboardTests */,
				CEED4B2E242248E00070C896 /* Products */,
			);
			sourceTree = "<group>";
		};
		CEED4B2E242248E00070C896 /* Products */ = {
			isa = PBXGroup;
			children = (
				CEED4B2D242248E00070C896 /* SwiftWihoutStoryboard.app */,
				CEED4B43242248E50070C896 /* SwiftWihoutStoryboardTests.xctest */,
			);
			name = Products;
			sourceTree = "<group>";
		};
		CEED4B2F242248E00070C896 /* SwiftWihoutStoryboard */ = {
			isa = PBXGroup;
			children = (
				CEED4B30242248E00070C896 /* AppDelegate.swift */,
				CEED4B32242248E00070C896 /* SceneDelegate.swift */,
				CEED4B34242248E00070C896 /* ViewController.swift */,
				CEED4B39242248E50070C896 /* Assets.xcassets */,
				CEED4B3B242248E50070C896 /* LaunchScreen.storyboard */,
				CEED4B3E242248E50070C896 /* Info.plist */,
			);
			path = SwiftWihoutStoryboard;
			sourceTree = "<group>";
		};
		CEED4B46242248E50070C896 /* SwiftWihoutStoryboardTests */ = {
			isa = PBXGroup;
			children = (
				CEED4B47242248E50070C896 /* SwiftWihoutStoryboardTests.swift */,
				CEED4B49242248E50070C896 /* Info.plist */,
			);
			path = SwiftWihoutStoryboardTests;
			sourceTree = "<group>";
		};
/* End PBXGroup section */

/* Begin PBXNativeTarget section */
		CEED4B2C242248E00070C896 /* SwiftWihoutStoryboard */ = {
			isa = PBXNativeTarget;
			buildConfigurationList = CEED4B4C242248E50070C896 /* Build configuration list for PBXNativeTarget "SwiftWihoutStoryboard" */;
			buildPhases = (
				CEED4B29242248E00070C896 /* Sources */,
				CEED4B2A242248E00070C896 /* Frameworks */,
				CEED4B2B242248E00070C896 /* Resources */,
			);
			buildRules = (
			);
			dependencies = (
			);
			name = SwiftWihoutStoryboard;
			productName = SwiftWihoutStoryboard;
			productReference = CEED4B2D242248E00070C896 /* SwiftWihoutStoryboard.app */;
			productType = "com.apple.product-type.application";
		};
		CEED4B42242248E50070C896 /* SwiftWihoutStoryboardTests */ = {
			isa = PBXNativeTarget;
			buildConfigurationList = CEED4B4F242248E50070C896 /* Build configuration list for PBXNativeTarget "SwiftWihoutStoryboardTests" */;
			buildPhases = (
				CEED4B3F242248E50070C896 /* Sources */,
				CEED4B40242248E50070C896 /* Frameworks */,
				CEED4B41242248E50070C896 /* Resources */,
			);
			buildRules = (
			);
			dependencies = (
				CEED4B45242248E50070C896 /* PBXTargetDependency */,
			);
			name = SwiftWihoutStoryboardTests;
			productName = SwiftWihoutStoryboardTests;
			productReference = CEED4B43242248E50070C896 /* SwiftWihoutStoryboardTests.xctest */;
			productType = "com.apple.product-type.bundle.unit-test";
		};
/* End PBXNativeTarget section */

/* Begin PBXProject section */
		CEED4B25242248E00070C896 /* Project object */ = {
			isa = PBXProject;
			attributes = {
				LastSwiftUpdateCheck = 1130;
				LastUpgradeCheck = 1130;
				TargetAttributes = {
					CEED4B2C242248E00070C896 = {
						CreatedOnToolsVersion = 11.3;
					};
					CEED4B42242248E50070C896 = {
						CreatedOnToolsVersion = 11.3;
						TestTargetID = CEED4B2C242248E00070C896;
					};
				};
			};
			buildConfigurationList = CEED4B28242248E00070C896 /* Build configuration list for PBXProject "SwiftWihoutStoryboard" */;
			compatibilityVersion = "Xcode 9.3";
			developmentRegion = en;
			hasScannedForEncodings = 0;
			knownRegions = (
				en,
				Base,
			);
			mainGroup = CEED4B24242248E00070C896;
			productRefGroup = CEED4B2E242248E00070C896 /* Products */;
			projectDirPath = "";
			projectRoot = "";
			targets = (
				CEED4B2C242248E00070C896 /* SwiftWihoutStoryboard */,
				CEED4B42242248E50070C896 /* SwiftWihoutStoryboardTests */,
			);
		};
/* End PBXProject section */

/* Begin PBXResourcesBuildPhase section */
		CEED4B2B242248E00070C896 /* Resources */ = {
			isa = PBXResourcesBuildPhase;
			buildActionMask = 2147483647;
			files = (
				CEED4B3D242248E50070C896 /* LaunchScreen.storyboard in Resources */,
				CEED4B3A242248E50070C896 /* Assets.xcassets in Resources */,
			);
			runOnlyForDeploymentPostprocessing = 0;
		};
		CEED4B41242248E50070C896 /* Resources */ = {
			isa = PBXResourcesBuildPhase;
			buildActionMask = 2147483647;
			files = (
			);
			runOnlyForDeploymentPostprocessing = 0;
		};
/* End PBXResourcesBuildPhase section */

/* Begin PBXSourcesBuildPhase section */
		CEED4B29242248E00070C896 /* Sources */ = {
			isa = PBXSourcesBuildPhase;
			buildActionMask = 2147483647;
			files = (
				CEED4B35242248E00070C896 /* ViewController.swift in Sources */,
				CEED4B31242248E00070C896 /* AppDelegate.swift in Sources */,
				CEED4B33242248E00070C896 /* SceneDelegate.swift in Sources */,
			);
			runOnlyForDeploymentPostprocessing = 0;
		};
		CEED4B3F242248E50070C896 /* Sources */ = {
			isa = PBXSourcesBuildPhase;
			buildActionMask = 2147483647;
			files = (
				CEED4B48242248E50070C896 /* SwiftWihoutStoryboardTests.swift in Sources */,
			);
			runOnlyForDeploymentPostprocessing = 0;
		};
/* End PBXSourcesBuildPhase section */

/* Begin PBXTargetDependency section */
		CEED4B45242248E50070C896 /* PBXTargetDependency */ = {
			isa = PBXTargetDependency;
			target = CEED4B2C242248E00070C896 /* SwiftWihoutStoryboard */;
			targetProxy = CEED4B44242248E50070C896 /* PBXContainerItemProxy */;
		};
/* End PBXTargetDependency section */

/* Begin PBXVariantGroup section */
		CEED4B3B242248E50070C896 /* LaunchScreen.storyboard */ = {
			isa = PBXVariantGroup;
			children = (
				CEED4B3C242248E50070C896 /* Base */,
			);
			name = LaunchScreen.storyboard;
			sourceTree = "<group>";
		};
/* End PBXVariantGroup section */

/* Begin XCBuildConfiguration section */
		CEED4B4A242248E50070C896 /* Debug */ = {
			isa = XCBuildConfiguration;
			buildSettings = {
				ALWAYS_SEARCH_USER_PATHS = NO;
				CLANG_ANALYZER_NONNULL = YES;
				CLANG_ANALYZER_NUMBER_OBJECT_CONVERSION = YES_AGGRESSIVE;
				CLANG_CXX_LANGUAGE_STANDARD = "gnu++14";
				CLANG_CXX_LIBRARY = "libc++";
				CLANG_ENABLE_MODULES = YES;
				CLANG_ENABLE_OBJC_ARC = YES;
				CLANG_ENABLE_OBJC_WEAK = YES;
				CLANG_WARN_BLOCK_CAPTURE_AUTORELEASING = YES;
				CLANG_WARN_BOOL_CONVERSION = YES;
				CLANG_WARN_COMMA = YES;
				CLANG_WARN_CONSTANT_CONVERSION = YES;
				CLANG_WARN_DEPRECATED_OBJC_IMPLEMENTATIONS = YES;
				CLANG_WARN_DIRECT_OBJC_ISA_USAGE = YES_ERROR;
				CLANG_WARN_DOCUMENTATION_COMMENTS = YES;
				CLANG_WARN_EMPTY_BODY = YES;
				CLANG_WARN_ENUM_CONVERSION = YES;
				CLANG_WARN_INFINITE_RECURSION = YES;
				CLANG_WARN_INT_CONVERSION = YES;
				CLANG_WARN_NON_LITERAL_NULL_CONVERSION = YES;
				CLANG_WARN_OBJC_IMPLICIT_RETAIN_SELF = YES;
				CLANG_WARN_OBJC_LITERAL_CONVERSION = YES;
				CLANG_WARN_OBJC_ROOT_CLASS = YES_ERROR;
				CLANG_WARN_RANGE_LOOP_ANALYSIS = YES;
				CLANG_WARN_STRICT_PROTOTYPES = YES;
				CLANG_WARN_SUSPICIOUS_MOVE = YES;
				CLANG_WARN_UNGUARDED_AVAILABILITY = YES_AGGRESSIVE;
				CLANG_WARN_UNREACHABLE_CODE = YES;
				CLANG_WARN__DUPLICATE_METHOD_MATCH = YES;
				COPY_PHASE_STRIP = NO;
				DEBUG_INFORMATION_FORMAT = dwarf;
				ENABLE_STRICT_OBJC_MSGSEND = YES;
				ENABLE_TESTABILITY = YES;
				GCC_C_LANGUAGE_STANDARD = gnu11;
				GCC_DYNAMIC_NO_PIC = NO;
				GCC_NO_COMMON_BLOCKS = YES;
				GCC_OPTIMIZATION_LEVEL = 0;
				GCC_PREPROCESSOR_DEFINITIONS = (
					"DEBUG=1",
					"$(inherited)",
				);
				GCC_WARN_64_TO_32_BIT_CONVERSION = YES;
				GCC_WARN_ABOUT_RETURN_TYPE = YES_ERROR;
				GCC_WARN_UNDECLARED_SELECTOR = YES;
				GCC_WARN_UNINITIALIZED_AUTOS = YES_AGGRESSIVE;
				GCC_WARN_UNUSED_FUNCTION = YES;
				GCC_WARN_UNUSED_VARIABLE = YES;
				IPHONEOS_DEPLOYMENT_TARGET = 13.2;
				MTL_ENABLE_DEBUG_INFO = INCLUDE_SOURCE;
				MTL_FAST_MATH = YES;
				ONLY_ACTIVE_ARCH = YES;
				SDKROOT = iphoneos;
				SWIFT_ACTIVE_COMPILATION_CONDITIONS = DEBUG;
				SWIFT_OPTIMIZATION_LEVEL = "-Onone";
			};
			name = Debug;
		};
		CEED4B4B242248E50070C896 /* Release */ = {
			isa = XCBuildConfiguration;
			buildSettings = {
				ALWAYS_SEARCH_USER_PATHS = NO;
				CLANG_ANALYZER_NONNULL = YES;
				CLANG_ANALYZER_NUMBER_OBJECT_CONVERSION = YES_AGGRESSIVE;
				CLANG_CXX_LANGUAGE_STANDARD = "gnu++14";
				CLANG_CXX_LIBRARY = "libc++";
				CLANG_ENABLE_MODULES = YES;
				CLANG_ENABLE_OBJC_ARC = YES;
				CLANG_ENABLE_OBJC_WEAK = YES;
				CLANG_WARN_BLOCK_CAPTURE_AUTORELEASING = YES;
				CLANG_WARN_BOOL_CONVERSION = YES;
				CLANG_WARN_COMMA = YES;
				CLANG_WARN_CONSTANT_CONVERSION = YES;
				CLANG_WARN_DEPRECATED_OBJC_IMPLEMENTATIONS = YES;
				CLANG_WARN_DIRECT_OBJC_ISA_USAGE = YES_ERROR;
				CLANG_WARN_DOCUMENTATION_COMMENTS = YES;
				CLANG_WARN_EMPTY_BODY = YES;
				CLANG_WARN_ENUM_CONVERSION = YES;
				CLANG_WARN_INFINITE_RECURSION = YES;
				CLANG_WARN_INT_CONVERSION = YES;
				CLANG_WARN_NON_LITERAL_NULL_CONVERSION = YES;
				CLANG_WARN_OBJC_IMPLICIT_RETAIN_SELF = YES;
				CLANG_WARN_OBJC_LITERAL_CONVERSION = YES;
				CLANG_WARN_OBJC_ROOT_CLASS = YES_ERROR;
				CLANG_WARN_RANGE_LOOP_ANALYSIS = YES;
				CLANG_WARN_STRICT_PROTOTYPES = YES;
				CLANG_WARN_SUSPICIOUS_MOVE = YES;
				CLANG_WARN_UNGUARDED_AVAILABILITY = YES_AGGRESSIVE;
				CLANG_WARN_UNREACHABLE_CODE = YES;
				CLANG_WARN__DUPLICATE_METHOD_MATCH = YES;
				COPY_PHASE_STRIP = NO;
				DEBUG_INFORMATION_FORMAT = "dwarf-with-dsym";
				ENABLE_NS_ASSERTIONS = NO;
				ENABLE_STRICT_OBJC_MSGSEND = YES;
				GCC_C_LANGUAGE_STANDARD = gnu11;
				GCC_NO_COMMON_BLOCKS = YES;
				GCC_WARN_64_TO_32_BIT_CONVERSION = YES;
				GCC_WARN_ABOUT_RETURN_TYPE = YES_ERROR;
				GCC_WARN_UNDECLARED_SELECTOR = YES;
				GCC_WARN_UNINITIALIZED_AUTOS = YES_AGGRESSIVE;
				GCC_WARN_UNUSED_FUNCTION = YES;
				GCC_WARN_UNUSED_VARIABLE = YES;
				IPHONEOS_DEPLOYMENT_TARGET = 13.2;
				MTL_ENABLE_DEBUG_INFO = NO;
				MTL_FAST_MATH = YES;
				SDKROOT = iphoneos;
				SWIFT_COMPILATION_MODE = wholemodule;
				SWIFT_OPTIMIZATION_LEVEL = "-O";
				VALIDATE_PRODUCT = YES;
			};
			name = Release;
		};
		CEED4B4D242248E50070C896 /* Debug */ = {
			isa = XCBuildConfiguration;
			buildSettings = {
				ASSETCATALOG_COMPILER_APPICON_NAME = AppIcon;
				CODE_SIGN_STYLE = Automatic;
				INFOPLIST_FILE = SwiftWihoutStoryboard/Info.plist;
				LD_RUNPATH_SEARCH_PATHS = (
					"$(inherited)",
					"@executable_path/Frameworks",
				);
				PRODUCT_BUNDLE_IDENTIFIER = com.siwftTemplate.SwiftWihoutStoryboard;
				PRODUCT_NAME = "$(TARGET_NAME)";
				SWIFT_VERSION = 5.0;
				TARGETED_DEVICE_FAMILY = "1,2";
			};
			name = Debug;
		};
		CEED4B4E242248E50070C896 /* Release */ = {
			isa = XCBuildConfiguration;
			buildSettings = {
				ASSETCATALOG_COMPILER_APPICON_NAME = AppIcon;
				CODE_SIGN_STYLE = Automatic;
				INFOPLIST_FILE = SwiftWihoutStoryboard/Info.plist;
				LD_RUNPATH_SEARCH_PATHS = (
					"$(inherited)",
					"@executable_path/Frameworks",
				);
				PRODUCT_BUNDLE_IDENTIFIER = com.siwftTemplate.SwiftWihoutStoryboard;
				PRODUCT_NAME = "$(TARGET_NAME)";
				SWIFT_VERSION = 5.0;
				TARGETED_DEVICE_FAMILY = "1,2";
			};
			name = Release;
		};
		CEED4B50242248E50070C896 /* Debug */ = {
			isa = XCBuildConfiguration;
			buildSettings = {
				ALWAYS_EMBED_SWIFT_STANDARD_LIBRARIES = YES;
				BUNDLE_LOADER = "$(TEST_HOST)";
				CODE_SIGN_STYLE = Automatic;
				INFOPLIST_FILE = SwiftWihoutStoryboardTests/Info.plist;
				IPHONEOS_DEPLOYMENT_TARGET = 13.2;
				LD_RUNPATH_SEARCH_PATHS = (
					"$(inherited)",
					"@executable_path/Frameworks",
					"@loader_path/Frameworks",
				);
				PRODUCT_BUNDLE_IDENTIFIER = com.siwftTemplate.SwiftWihoutStoryboardTests;
				PRODUCT_NAME = "$(TARGET_NAME)";
				SWIFT_VERSION = 5.0;
				TARGETED_DEVICE_FAMILY = "1,2";
				TEST_HOST = "$(BUILT_PRODUCTS_DIR)/SwiftWihoutStoryboard.app/SwiftWihoutStoryboard";
			};
			name = Debug;
		};
		CEED4B51242248E50070C896 /* Release */ = {
			isa = XCBuildConfiguration;
			buildSettings = {
				ALWAYS_EMBED_SWIFT_STANDARD_LIBRARIES = YES;
				BUNDLE_LOADER = "$(TEST_HOST)";
				CODE_SIGN_STYLE = Automatic;
				INFOPLIST_FILE = SwiftWihoutStoryboardTests/Info.plist;
				IPHONEOS_DEPLOYMENT_TARGET = 13.2;
				LD_RUNPATH_SEARCH_PATHS = (
					"$(inherited)",
					"@executable_path/Frameworks",
					"@loader_path/Frameworks",
				);
				PRODUCT_BUNDLE_IDENTIFIER = com.siwftTemplate.SwiftWihoutStoryboardTests;
				PRODUCT_NAME = "$(TARGET_NAME)";
				SWIFT_VERSION = 5.0;
				TARGETED_DEVICE_FAMILY = "1,2";
				TEST_HOST = "$(BUILT_PRODUCTS_DIR)/SwiftWihoutStoryboard.app/SwiftWihoutStoryboard";
			};
			name = Release;
		};
/* End XCBuildConfiguration section */

/* Begin XCConfigurationList section */
		CEED4B28242248E00070C896 /* Build configuration list for PBXProject "SwiftWihoutStoryboard" */ = {
			isa = XCConfigurationList;
			buildConfigurations = (
				CEED4B4A242248E50070C896 /* Debug */,
				CEED4B4B242248E50070C896 /* Release */,
			);
			defaultConfigurationIsVisible = 0;
			defaultConfigurationName = Release;
		};
		CEED4B4C242248E50070C896 /* Build configuration list for PBXNativeTarget "SwiftWihoutStoryboard" */ = {
			isa = XCConfigurationList;
			buildConfigurations = (
				CEED4B4D242248E50070C896 /* Debug */,
				CEED4B4E242248E50070C896 /* Release */,
			);
			defaultConfigurationIsVisible = 0;
			defaultConfigurationName = Release;
		};
		CEED4B4F242248E50070C896 /* Build configuration list for PBXNativeTarget "SwiftWihoutStoryboardTests" */ = {
			isa = XCConfigurationList;
			buildConfigurations = (
				CEED4B50242248E50070C896 /* Debug */,
				CEED4B51242248E50070C896 /* Release */,
			);
			defaultConfigurationIsVisible = 0;
			defaultConfigurationName = Release;
		};
/* End XCConfigurationList section */
	};
	rootObject = CEED4B25242248E00070C896 /* Project object */;
}
